
Microsoft Visual Studio Solution File, Format Version 12.00
# Visual Studio 15
VisualStudioVersion = 15.0.28010.2050
MinimumVisualStudioVersion = 10.0.40219.1
Project("{FAE04EC0-301F-11D3-BF4B-00C04F79EFBC}") = "DataLayer", "DataLayer\DataLayer.csproj", "{67F0E68A-49B8-4324-8EF7-557B6F927799}"
EndProject
Global
	GlobalSection(SolutionConfigurationPlatforms) = preSolution
		Debug|Any CPU = Debug|Any CPU
		Release|Any CPU = Release|Any CPU
	EndGlobalSection
	GlobalSection(ProjectConfigurationPlatforms) = postSolution
		{67F0E68A-49B8-4324-8EF7-557B6F927799}.Debug|Any CPU.ActiveCfg = Debug|Any CPU
		{67F0E68A-49B8-4324-8EF7-557B6F927799}.Debug|Any CPU.Build.0 = Debug|Any CPU
		{67F0E68A-49B8-4324-8EF7-557B6F927799}.Release|Any CPU.ActiveCfg = Release|Any CPU
		{67F0E68A-49B8-4324-8EF7-557B6F927799}.Release|Any CPU.Build.0 = Release|Any CPU
	EndGlobalSection
	GlobalSection(SolutionProperties) = preSolution
		HideSolutionNode = FALSE
	EndGlobalSection
	GlobalSection(ExtensibilityGlobals) = postSolution
		SolutionGuid = {90A50B7A-5194-4D2E-B730-4E19EA41ABFC}
	EndGlobalSection
EndGlobal
